
Microsoft Visual Studio Solution File, Format Version 12.00
# Visual Studio Version 17
VisualStudioVersion = 17.9.34701.34
MinimumVisualStudioVersion = 10.0.40219.1
Project("{2150E333-8FDC-42A3-9474-1A3956D46DE8}") = "src", "src", "{17CEC3F7-5ACB-4DFD-82F7-4392F62A6563}"
EndProject
Project("{2150E333-8FDC-42A3-9474-1A3956D46DE8}") = "tests", "tests", "{A71B61B6-4021-4865-ADF9-7AA6365F6A28}"
EndProject
Project("{FAE04EC0-301F-11D3-BF4B-00C04F79EFBC}") = "TLY.ShortUrl", "src\TLY.ShortUrl\TLY.ShortUrl.csproj", "{A8FA5B01-5336-4B78-B924-74C1F2BBEA9D}"
EndProject
Global
	GlobalSection(SolutionConfigurationPlatforms) = preSolution
		Debug|Any CPU = Debug|Any CPU
		Release|Any CPU = Release|Any CPU
	EndGlobalSection
	GlobalSection(ProjectConfigurationPlatforms) = postSolution
		{A8FA5B01-5336-4B78-B924-74C1F2BBEA9D}.Debug|Any CPU.ActiveCfg = Debug|Any CPU
		{A8FA5B01-5336-4B78-B924-74C1F2BBEA9D}.Debug|Any CPU.Build.0 = Debug|Any CPU
		{A8FA5B01-5336-4B78-B924-74C1F2BBEA9D}.Release|Any CPU.ActiveCfg = Release|Any CPU
		{A8FA5B01-5336-4B78-B924-74C1F2BBEA9D}.Release|Any CPU.Build.0 = Release|Any CPU
	EndGlobalSection
	GlobalSection(SolutionProperties) = preSolution
		HideSolutionNode = FALSE
	EndGlobalSection
	GlobalSection(NestedProjects) = preSolution
		{A8FA5B01-5336-4B78-B924-74C1F2BBEA9D} = {17CEC3F7-5ACB-4DFD-82F7-4392F62A6563}
	EndGlobalSection
	GlobalSection(ExtensibilityGlobals) = postSolution
		SolutionGuid = {F3803A0C-20C4-4E86-8C2C-C69A4AF36795}
	EndGlobalSection
EndGlobal
