
Microsoft Visual Studio Solution File, Format Version 12.00
# Visual Studio Version 17
VisualStudioVersion = 17.9.34701.34
MinimumVisualStudioVersion = 10.0.40219.1
Project("{FAE04EC0-301F-11D3-BF4B-00C04F79EFBC}") = "TLY.ShortUrl", "TLY.ShortUrl.csproj", "{4E98C30F-9E61-4669-B44E-0F2B135EF839}"
EndProject
Project("{FAE04EC0-301F-11D3-BF4B-00C04F79EFBC}") = "TLY.ShortUrl.Tests", "..\TLY.ShortUrl.test\TLY.ShortUrl.Tests.csproj", "{A63B103D-CC8B-4FED-AE6E-1E619FDFE098}"
EndProject
Global
	GlobalSection(SolutionConfigurationPlatforms) = preSolution
		Debug|Any CPU = Debug|Any CPU
		Release|Any CPU = Release|Any CPU
	EndGlobalSection
	GlobalSection(ProjectConfigurationPlatforms) = postSolution
		{4E98C30F-9E61-4669-B44E-0F2B135EF839}.Debug|Any CPU.ActiveCfg = Debug|Any CPU
		{4E98C30F-9E61-4669-B44E-0F2B135EF839}.Debug|Any CPU.Build.0 = Debug|Any CPU
		{4E98C30F-9E61-4669-B44E-0F2B135EF839}.Release|Any CPU.ActiveCfg = Release|Any CPU
		{4E98C30F-9E61-4669-B44E-0F2B135EF839}.Release|Any CPU.Build.0 = Release|Any CPU
		{A63B103D-CC8B-4FED-AE6E-1E619FDFE098}.Debug|Any CPU.ActiveCfg = Debug|Any CPU
		{A63B103D-CC8B-4FED-AE6E-1E619FDFE098}.Debug|Any CPU.Build.0 = Debug|Any CPU
		{A63B103D-CC8B-4FED-AE6E-1E619FDFE098}.Release|Any CPU.ActiveCfg = Release|Any CPU
		{A63B103D-CC8B-4FED-AE6E-1E619FDFE098}.Release|Any CPU.Build.0 = Release|Any CPU
	EndGlobalSection
	GlobalSection(SolutionProperties) = preSolution
		HideSolutionNode = FALSE
	EndGlobalSection
	GlobalSection(ExtensibilityGlobals) = postSolution
		SolutionGuid = {F3803A0C-20C4-4E86-8C2C-C69A4AF36795}
	EndGlobalSection
EndGlobal
